// !$*UTF8*$!
{
	archiveVersion = 1;
	classes = {
	};
	objectVersion = 46;
	objects = {

/* Begin PBXBuildFile section */
		61B4D62F1A3493CE0031B066 /* AppDelegate.m in Sources */ = {isa = PBXBuildFile; fileRef = 61B4D62E1A3493CE0031B066 /* AppDelegate.m */; };
		61B4D6311A3493CE0031B066 /* main.m in Sources */ = {isa = PBXBuildFile; fileRef = 61B4D6301A3493CE0031B066 /* main.m */; };
		61B4D6341A3493CE0031B066 /* ViewController.m in Sources */ = {isa = PBXBuildFile; fileRef = 61B4D6331A3493CE0031B066 /* ViewController.m */; };
		61B4D6361A3493CE0031B066 /* Images.xcassets in Resources */ = {isa = PBXBuildFile; fileRef = 61B4D6351A3493CE0031B066 /* Images.xcassets */; };
		61B4D6391A3493CE0031B066 /* Main.storyboard in Resources */ = {isa = PBXBuildFile; fileRef = 61B4D6371A3493CE0031B066 /* Main.storyboard */; };
		61B4D6451A3493CE0031B066 /* ABetterSlideViewerTests.m in Sources */ = {isa = PBXBuildFile; fileRef = 61B4D6441A3493CE0031B066 /* ABetterSlideViewerTests.m */; };
		61B4D6821A485EC90031B066 /* SlideViewerModel.m in Sources */ = {isa = PBXBuildFile; fileRef = 61B4D6811A485EC90031B066 /* SlideViewerModel.m */; };
/* End PBXBuildFile section */

/* Begin PBXContainerItemProxy section */
		61B4D63F1A3493CE0031B066 /* PBXContainerItemProxy */ = {
			isa = PBXContainerItemProxy;
			containerPortal = 61B4D6201A3493CE0031B066 /* Project object */;
			proxyType = 1;
			remoteGlobalIDString = 61B4D6271A3493CE0031B066;
			remoteInfo = ABetterSlideViewer;
		};
/* End PBXContainerItemProxy section */

/* Begin PBXFileReference section */
		61B4D6281A3493CE0031B066 /* ABetterSlideViewer.app */ = {isa = PBXFileReference; explicitFileType = wrapper.application; includeInIndex = 0; path = ABetterSlideViewer.app; sourceTree = BUILT_PRODUCTS_DIR; };
		61B4D62C1A3493CE0031B066 /* Info.plist */ = {isa = PBXFileReference; lastKnownFileType = text.plist.xml; path = Info.plist; sourceTree = "<group>"; };
		61B4D62D1A3493CE0031B066 /* AppDelegate.h */ = {isa = PBXFileReference; lastKnownFileType = sourcecode.c.h; path = AppDelegate.h; sourceTree = "<group>"; };
		61B4D62E1A3493CE0031B066 /* AppDelegate.m */ = {isa = PBXFileReference; lastKnownFileType = sourcecode.c.objc; path = AppDelegate.m; sourceTree = "<group>"; };
		61B4D6301A3493CE0031B066 /* main.m */ = {isa = PBXFileReference; lastKnownFileType = sourcecode.c.objc; path = main.m; sourceTree = "<group>"; };
		61B4D6321A3493CE0031B066 /* ViewController.h */ = {isa = PBXFileReference; lastKnownFileType = sourcecode.c.h; path = ViewController.h; sourceTree = "<group>"; };
		61B4D6331A3493CE0031B066 /* ViewController.m */ = {isa = PBXFileReference; lastKnownFileType = sourcecode.c.objc; path = ViewController.m; sourceTree = "<group>"; };
		61B4D6351A3493CE0031B066 /* Images.xcassets */ = {isa = PBXFileReference; lastKnownFileType = folder.assetcatalog; path = Images.xcassets; sourceTree = "<group>"; };
		61B4D6381A3493CE0031B066 /* Base */ = {isa = PBXFileReference; lastKnownFileType = file.storyboard; name = Base; path = Base.lproj/Main.storyboard; sourceTree = "<group>"; };
		61B4D63E1A3493CE0031B066 /* ABetterSlideViewerTests.xctest */ = {isa = PBXFileReference; explicitFileType = wrapper.cfbundle; includeInIndex = 0; path = ABetterSlideViewerTests.xctest; sourceTree = BUILT_PRODUCTS_DIR; };
		61B4D6431A3493CE0031B066 /* Info.plist */ = {isa = PBXFileReference; lastKnownFileType = text.plist.xml; path = Info.plist; sourceTree = "<group>"; };
		61B4D6441A3493CE0031B066 /* ABetterSlideViewerTests.m */ = {isa = PBXFileReference; lastKnownFileType = sourcecode.c.objc; path = ABetterSlideViewerTests.m; sourceTree = "<group>"; };
		61B4D6801A485EC90031B066 /* SlideViewerModel.h */ = {isa = PBXFileReference; fileEncoding = 4; lastKnownFileType = sourcecode.c.h; path = SlideViewerModel.h; sourceTree = "<group>"; };
		61B4D6811A485EC90031B066 /* SlideViewerModel.m */ = {isa = PBXFileReference; fileEncoding = 4; lastKnownFileType = sourcecode.c.objc; path = SlideViewerModel.m; sourceTree = "<group>"; };
/* End PBXFileReference section */

/* Begin PBXFrameworksBuildPhase section */
		61B4D6251A3493CE0031B066 /* Frameworks */ = {
			isa = PBXFrameworksBuildPhase;
			buildActionMask = 2147483647;
			files = (
			);
			runOnlyForDeploymentPostprocessing = 0;
		};
		61B4D63B1A3493CE0031B066 /* Frameworks */ = {
			isa = PBXFrameworksBuildPhase;
			buildActionMask = 2147483647;
			files = (
			);
			runOnlyForDeploymentPostprocessing = 0;
		};
/* End PBXFrameworksBuildPhase section */

/* Begin PBXGroup section */
		61B4D61F1A3493CE0031B066 = {
			isa = PBXGroup;
			children = (
				61B4D62A1A3493CE0031B066 /* ABetterSlideViewer */,
				61B4D6411A3493CE0031B066 /* ABetterSlideViewerTests */,
				61B4D6291A3493CE0031B066 /* Products */,
			);
			sourceTree = "<group>";
		};
		61B4D6291A3493CE0031B066 /* Products */ = {
			isa = PBXGroup;
			children = (
				61B4D6281A3493CE0031B066 /* ABetterSlideViewer.app */,
				61B4D63E1A3493CE0031B066 /* ABetterSlideViewerTests.xctest */,
			);
			name = Products;
			sourceTree = "<group>";
		};
		61B4D62A1A3493CE0031B066 /* ABetterSlideViewer */ = {
			isa = PBXGroup;
			children = (
				61B4D62D1A3493CE0031B066 /* AppDelegate.h */,
				61B4D62E1A3493CE0031B066 /* AppDelegate.m */,
				61B4D6801A485EC90031B066 /* SlideViewerModel.h */,
				61B4D6811A485EC90031B066 /* SlideViewerModel.m */,
				61B4D6321A3493CE0031B066 /* ViewController.h */,
				61B4D6331A3493CE0031B066 /* ViewController.m */,
				61B4D6351A3493CE0031B066 /* Images.xcassets */,
				61B4D6371A3493CE0031B066 /* Main.storyboard */,
				61B4D62B1A3493CE0031B066 /* Supporting Files */,
			);
			path = ABetterSlideViewer;
			sourceTree = "<group>";
		};
		61B4D62B1A3493CE0031B066 /* Supporting Files */ = {
			isa = PBXGroup;
			children = (
				61B4D62C1A3493CE0031B066 /* Info.plist */,
				61B4D6301A3493CE0031B066 /* main.m */,
			);
			name = "Supporting Files";
			sourceTree = "<group>";
		};
		61B4D6411A3493CE0031B066 /* ABetterSlideViewerTests */ = {
			isa = PBXGroup;
			children = (
				61B4D6441A3493CE0031B066 /* ABetterSlideViewerTests.m */,
				61B4D6421A3493CE0031B066 /* Supporting Files */,
			);
			path = ABetterSlideViewerTests;
			sourceTree = "<group>";
		};
		61B4D6421A3493CE0031B066 /* Supporting Files */ = {
			isa = PBXGroup;
			children = (
				61B4D6431A3493CE0031B066 /* Info.plist */,
			);
			name = "Supporting Files";
			sourceTree = "<group>";
		};
/* End PBXGroup section */

/* Begin PBXNativeTarget section */
		61B4D6271A3493CE0031B066 /* ABetterSlideViewer */ = {
			isa = PBXNativeTarget;
			buildConfigurationList = 61B4D6481A3493CE0031B066 /* Build configuration list for PBXNativeTarget "ABetterSlideViewer" */;
			buildPhases = (
				61B4D6241A3493CE0031B066 /* Sources */,
				61B4D6251A3493CE0031B066 /* Frameworks */,
				61B4D6261A3493CE0031B066 /* Resources */,
			);
			buildRules = (
			);
			dependencies = (
			);
			name = ABetterSlideViewer;
			productName = ABetterSlideViewer;
			productReference = 61B4D6281A3493CE0031B066 /* ABetterSlideViewer.app */;
			productType = "com.apple.product-type.application";
		};
		61B4D63D1A3493CE0031B066 /* ABetterSlideViewerTests */ = {
			isa = PBXNativeTarget;
			buildConfigurationList = 61B4D64B1A3493CE0031B066 /* Build configuration list for PBXNativeTarget "ABetterSlideViewerTests" */;
			buildPhases = (
				61B4D63A1A3493CE0031B066 /* Sources */,
				61B4D63B1A3493CE0031B066 /* Frameworks */,
				61B4D63C1A3493CE0031B066 /* Resources */,
			);
			buildRules = (
			);
			dependencies = (
				61B4D6401A3493CE0031B066 /* PBXTargetDependency */,
			);
			name = ABetterSlideViewerTests;
			productName = ABetterSlideViewerTests;
			productReference = 61B4D63E1A3493CE0031B066 /* ABetterSlideViewerTests.xctest */;
			productType = "com.apple.product-type.bundle.unit-test";
		};
/* End PBXNativeTarget section */

/* Begin PBXProject section */
		61B4D6201A3493CE0031B066 /* Project object */ = {
			isa = PBXProject;
			attributes = {
				LastUpgradeCheck = 0610;
				ORGANIZATIONNAME = thatnamegroup;
				TargetAttributes = {
					61B4D6271A3493CE0031B066 = {
						CreatedOnToolsVersion = 6.1.1;
					};
					61B4D63D1A3493CE0031B066 = {
						CreatedOnToolsVersion = 6.1.1;
						TestTargetID = 61B4D6271A3493CE0031B066;
					};
				};
			};
			buildConfigurationList = 61B4D6231A3493CE0031B066 /* Build configuration list for PBXProject "ABetterSlideViewer" */;
			compatibilityVersion = "Xcode 3.2";
			developmentRegion = English;
			hasScannedForEncodings = 0;
			knownRegions = (
				en,
				Base,
			);
			mainGroup = 61B4D61F1A3493CE0031B066;
			productRefGroup = 61B4D6291A3493CE0031B066 /* Products */;
			projectDirPath = "";
			projectRoot = "";
			targets = (
				61B4D6271A3493CE0031B066 /* ABetterSlideViewer */,
				61B4D63D1A3493CE0031B066 /* ABetterSlideViewerTests */,
			);
		};
/* End PBXProject section */

/* Begin PBXResourcesBuildPhase section */
		61B4D6261A3493CE0031B066 /* Resources */ = {
			isa = PBXResourcesBuildPhase;
			buildActionMask = 2147483647;
			files = (
				61B4D6361A3493CE0031B066 /* Images.xcassets in Resources */,
				61B4D6391A3493CE0031B066 /* Main.storyboard in Resources */,
			);
			runOnlyForDeploymentPostprocessing = 0;
		};
		61B4D63C1A3493CE0031B066 /* Resources */ = {
			isa = PBXResourcesBuildPhase;
			buildActionMask = 2147483647;
			files = (
			);
			runOnlyForDeploymentPostprocessing = 0;
		};
/* End PBXResourcesBuildPhase section */

/* Begin PBXSourcesBuildPhase section */
		61B4D6241A3493CE0031B066 /* Sources */ = {
			isa = PBXSourcesBuildPhase;
			buildActionMask = 2147483647;
			files = (
				61B4D6341A3493CE0031B066 /* ViewController.m in Sources */,
				61B4D6821A485EC90031B066 /* SlideViewerModel.m in Sources */,
				61B4D6311A3493CE0031B066 /* main.m in Sources */,
				61B4D62F1A3493CE0031B066 /* AppDelegate.m in Sources */,
			);
			runOnlyForDeploymentPostprocessing = 0;
		};
		61B4D63A1A3493CE0031B066 /* Sources */ = {
			isa = PBXSourcesBuildPhase;
			buildActionMask = 2147483647;
			files = (
				61B4D6451A3493CE0031B066 /* ABetterSlideViewerTests.m in Sources */,
			);
			runOnlyForDeploymentPostprocessing = 0;
		};
/* End PBXSourcesBuildPhase section */

/* Begin PBXTargetDependency section */
		61B4D6401A3493CE0031B066 /* PBXTargetDependency */ = {
			isa = PBXTargetDependency;
			target = 61B4D6271A3493CE0031B066 /* ABetterSlideViewer */;
			targetProxy = 61B4D63F1A3493CE0031B066 /* PBXContainerItemProxy */;
		};
/* End PBXTargetDependency section */

/* Begin PBXVariantGroup section */
		61B4D6371A3493CE0031B066 /* Main.storyboard */ = {
			isa = PBXVariantGroup;
			children = (
				61B4D6381A3493CE0031B066 /* Base */,
			);
			name = Main.storyboard;
			sourceTree = "<group>";
		};
/* End PBXVariantGroup section */

/* Begin XCBuildConfiguration section */
		61B4D6461A3493CE0031B066 /* Debug */ = {
			isa = XCBuildConfiguration;
			buildSettings = {
				ALWAYS_SEARCH_USER_PATHS = NO;
				CLANG_CXX_LANGUAGE_STANDARD = "gnu++0x";
				CLANG_CXX_LIBRARY = "libc++";
				CLANG_ENABLE_MODULES = YES;
				CLANG_ENABLE_OBJC_ARC = YES;
				CLANG_WARN_BOOL_CONVERSION = YES;
				CLANG_WARN_CONSTANT_CONVERSION = YES;
				CLANG_WARN_DIRECT_OBJC_ISA_USAGE = YES_ERROR;
				CLANG_WARN_EMPTY_BODY = YES;
				CLANG_WARN_ENUM_CONVERSION = YES;
				CLANG_WARN_INT_CONVERSION = YES;
				CLANG_WARN_OBJC_ROOT_CLASS = YES_ERROR;
				CLANG_WARN_UNREACHABLE_CODE = YES;
				CLANG_WARN__DUPLICATE_METHOD_MATCH = YES;
				CODE_SIGN_IDENTITY = "-";
				COPY_PHASE_STRIP = NO;
				ENABLE_STRICT_OBJC_MSGSEND = YES;
				GCC_C_LANGUAGE_STANDARD = gnu99;
				GCC_DYNAMIC_NO_PIC = NO;
				GCC_OPTIMIZATION_LEVEL = 0;
				GCC_PREPROCESSOR_DEFINITIONS = (
					"DEBUG=1",
					"$(inherited)",
				);
				GCC_SYMBOLS_PRIVATE_EXTERN = NO;
				GCC_WARN_64_TO_32_BIT_CONVERSION = YES;
				GCC_WARN_ABOUT_RETURN_TYPE = YES_ERROR;
				GCC_WARN_UNDECLARED_SELECTOR = YES;
				GCC_WARN_UNINITIALIZED_AUTOS = YES_AGGRESSIVE;
				GCC_WARN_UNUSED_FUNCTION = YES;
				GCC_WARN_UNUSED_VARIABLE = YES;
				MACOSX_DEPLOYMENT_TARGET = 10.10;
				MTL_ENABLE_DEBUG_INFO = YES;
				ONLY_ACTIVE_ARCH = YES;
				SDKROOT = macosx;
			};
			name = Debug;
		};
		61B4D6471A3493CE0031B066 /* Release */ = {
			isa = XCBuildConfiguration;
			buildSettings = {
				ALWAYS_SEARCH_USER_PATHS = NO;
				CLANG_CXX_LANGUAGE_STANDARD = "gnu++0x";
				CLANG_CXX_LIBRARY = "libc++";
				CLANG_ENABLE_MODULES = YES;
				CLANG_ENABLE_OBJC_ARC = YES;
				CLANG_WARN_BOOL_CONVERSION = YES;
				CLANG_WARN_CONSTANT_CONVERSION = YES;
				CLANG_WARN_DIRECT_OBJC_ISA_USAGE = YES_ERROR;
				CLANG_WARN_EMPTY_BODY = YES;
				CLANG_WARN_ENUM_CONVERSION = YES;
				CLANG_WARN_INT_CONVERSION = YES;
				CLANG_WARN_OBJC_ROOT_CLASS = YES_ERROR;
				CLANG_WARN_UNREACHABLE_CODE = YES;
				CLANG_WARN__DUPLICATE_METHOD_MATCH = YES;
				CODE_SIGN_IDENTITY = "-";
				COPY_PHASE_STRIP = YES;
				DEBUG_INFORMATION_FORMAT = "dwarf-with-dsym";
				ENABLE_NS_ASSERTIONS = NO;
				ENABLE_STRICT_OBJC_MSGSEND = YES;
				GCC_C_LANGUAGE_STANDARD = gnu99;
				GCC_WARN_64_TO_32_BIT_CONVERSION = YES;
				GCC_WARN_ABOUT_RETURN_TYPE = YES_ERROR;
				GCC_WARN_UNDECLARED_SELECTOR = YES;
				GCC_WARN_UNINITIALIZED_AUTOS = YES_AGGRESSIVE;
				GCC_WARN_UNUSED_FUNCTION = YES;
				GCC_WARN_UNUSED_VARIABLE = YES;
				MACOSX_DEPLOYMENT_TARGET = 10.10;
				MTL_ENABLE_DEBUG_INFO = NO;
				SDKROOT = macosx;
			};
			name = Release;
		};
		61B4D6491A3493CE0031B066 /* Debug */ = {
			isa = XCBuildConfiguration;
			buildSettings = {
				ASSETCATALOG_COMPILER_APPICON_NAME = AppIcon;
				COMBINE_HIDPI_IMAGES = YES;
				INFOPLIST_FILE = ABetterSlideViewer/Info.plist;
				LD_RUNPATH_SEARCH_PATHS = "$(inherited) @executable_path/../Frameworks";
				PRODUCT_NAME = "$(TARGET_NAME)";
			};
			name = Debug;
		};
		61B4D64A1A3493CE0031B066 /* Release */ = {
			isa = XCBuildConfiguration;
			buildSettings = {
				ASSETCATALOG_COMPILER_APPICON_NAME = AppIcon;
				COMBINE_HIDPI_IMAGES = YES;
				INFOPLIST_FILE = ABetterSlideViewer/Info.plist;
				LD_RUNPATH_SEARCH_PATHS = "$(inherited) @executable_path/../Frameworks";
				PRODUCT_NAME = "$(TARGET_NAME)";
			};
			name = Release;
		};
		61B4D64C1A3493CE0031B066 /* Debug */ = {
			isa = XCBuildConfiguration;
			buildSettings = {
				BUNDLE_LOADER = "$(TEST_HOST)";
				COMBINE_HIDPI_IMAGES = YES;
				FRAMEWORK_SEARCH_PATHS = (
					"$(DEVELOPER_FRAMEWORKS_DIR)",
					"$(inherited)",
				);
				GCC_PREPROCESSOR_DEFINITIONS = (
					"DEBUG=1",
					"$(inherited)",
				);
				INFOPLIST_FILE = ABetterSlideViewerTests/Info.plist;
				LD_RUNPATH_SEARCH_PATHS = "$(inherited) @executable_path/../Frameworks @loader_path/../Frameworks";
				PRODUCT_NAME = "$(TARGET_NAME)";
				TEST_HOST = "$(BUILT_PRODUCTS_DIR)/ABetterSlideViewer.app/Contents/MacOS/ABetterSlideViewer";
			};
			name = Debug;
		};
		61B4D64D1A3493CE0031B066 /* Release */ = {
			isa = XCBuildConfiguration;
			buildSettings = {
				BUNDLE_LOADER = "$(TEST_HOST)";
				COMBINE_HIDPI_IMAGES = YES;
				FRAMEWORK_SEARCH_PATHS = (
					"$(DEVELOPER_FRAMEWORKS_DIR)",
					"$(inherited)",
				);
				INFOPLIST_FILE = ABetterSlideViewerTests/Info.plist;
				LD_RUNPATH_SEARCH_PATHS = "$(inherited) @executable_path/../Frameworks @loader_path/../Frameworks";
				PRODUCT_NAME = "$(TARGET_NAME)";
				TEST_HOST = "$(BUILT_PRODUCTS_DIR)/ABetterSlideViewer.app/Contents/MacOS/ABetterSlideViewer";
			};
			name = Release;
		};
/* End XCBuildConfiguration section */

/* Begin XCConfigurationList section */
		61B4D6231A3493CE0031B066 /* Build configuration list for PBXProject "ABetterSlideViewer" */ = {
			isa = XCConfigurationList;
			buildConfigurations = (
				61B4D6461A3493CE0031B066 /* Debug */,
				61B4D6471A3493CE0031B066 /* Release */,
			);
			defaultConfigurationIsVisible = 0;
			defaultConfigurationName = Release;
		};
		61B4D6481A3493CE0031B066 /* Build configuration list for PBXNativeTarget "ABetterSlideViewer" */ = {
			isa = XCConfigurationList;
			buildConfigurations = (
				61B4D6491A3493CE0031B066 /* Debug */,
				61B4D64A1A3493CE0031B066 /* Release */,
			);
			defaultConfigurationIsVisible = 0;
			defaultConfigurationName = Release;
		};
		61B4D64B1A3493CE0031B066 /* Build configuration list for PBXNativeTarget "ABetterSlideViewerTests" */ = {
			isa = XCConfigurationList;
			buildConfigurations = (
				61B4D64C1A3493CE0031B066 /* Debug */,
				61B4D64D1A3493CE0031B066 /* Release */,
			);
			defaultConfigurationIsVisible = 0;
			defaultConfigurationName = Release;
		};
/* End XCConfigurationList section */
	};
	rootObject = 61B4D6201A3493CE0031B066 /* Project object */;
}
